{
  "object": {
    "pins": [
      {
        "package": "swift-custom-dump",
        "repositoryURL": "https://github.com/pointfreeco/swift-custom-dump.git",
        "state": {
          "branch": null,
          "revision": "84b30e1af72e0ffe6dfbfe39d53b8173caacf224",
          "version": "0.10.2"
        }
      },
      {
        "package": "xctest-dynamic-overlay",
        "repositoryURL": "https://github.com/pointfreeco/xctest-dynamic-overlay",
        "state": {
          "branch": null,
          "revision": "4af50b38daf0037cfbab15514a241224c3f62f98",
          "version": "0.8.5"
        }
      }
    ]
  },
  "version": 1
}
